
Microsoft Visual Studio Solution File, Format Version 12.00
# Visual Studio Version 17
VisualStudioVersion = 17.10.35122.118
MinimumVisualStudioVersion = 10.0.40219.1
Project("{FAE04EC0-301F-11D3-BF4B-00C04F79EFBC}") = "LittleHands", "LittleHands\LittleHands.csproj", "{4E5ECAFD-A890-4C27-AA68-4FE51BF58B04}"
EndProject
Global
	GlobalSection(SolutionConfigurationPlatforms) = preSolution
		Debug|Any CPU = Debug|Any CPU
		Release|Any CPU = Release|Any CPU
	EndGlobalSection
	GlobalSection(ProjectConfigurationPlatforms) = postSolution
		{4E5ECAFD-A890-4C27-AA68-4FE51BF58B04}.Debug|Any CPU.ActiveCfg = Debug|Any CPU
		{4E5ECAFD-A890-4C27-AA68-4FE51BF58B04}.Debug|Any CPU.Build.0 = Debug|Any CPU
		{4E5ECAFD-A890-4C27-AA68-4FE51BF58B04}.Release|Any CPU.ActiveCfg = Release|Any CPU
		{4E5ECAFD-A890-4C27-AA68-4FE51BF58B04}.Release|Any CPU.Build.0 = Release|Any CPU
	EndGlobalSection
	GlobalSection(SolutionProperties) = preSolution
		HideSolutionNode = FALSE
	EndGlobalSection
	GlobalSection(ExtensibilityGlobals) = postSolution
		SolutionGuid = {7D12862A-AF7B-4A9B-9C29-F8B9128B9394}
	EndGlobalSection
EndGlobal
